{
  "name": "frontend_guidelines",
  "version": "1.0.0",
  "lockfileVersion": 1,
  "requires": true,
  "dependencies": {
    "@fancyapps/fancybox": {
      "version": "3.5.7",
      "resolved": "https://registry.npmjs.org/@fancyapps/fancybox/-/fancybox-3.5.7.tgz",
      "integrity": "sha512-rcEtu8t+WnmqIDV/Wfm1yvy/nDdwc7YV25j9HLxGC2/WOsUhk9rcWg2nB8g1BrjRt9zaoADdjHTU6ILYTJzBBg=="
    },
    "bootstrap": {
      "version": "4.5.3",
      "resolved": "https://registry.npmjs.org/bootstrap/-/bootstrap-4.5.3.tgz",
      "integrity": "sha512-o9ppKQioXGqhw8Z7mah6KdTYpNQY//tipnkxppWhPbiSWdD+1raYsnhwEZjkTHYbGee4cVQ0Rx65EhOY/HNLcQ=="
    },
    "caniuse-lite": {
      "version": "1.0.30001165",
      "resolved": "https://registry.npmjs.org/caniuse-lite/-/caniuse-lite-1.0.30001165.tgz",
      "integrity": "sha512-8cEsSMwXfx7lWSUMA2s08z9dIgsnR5NAqjXP23stdsU3AUWkCr/rr4s4OFtHXn5XXr6+7kam3QFVoYyXNPdJPA=="
    },
    "dom7": {
      "version": "3.0.0",
      "resolved": "https://registry.npmjs.org/dom7/-/dom7-3.0.0.tgz",
      "integrity": "sha512-oNlcUdHsC4zb7Msx7JN3K0Nro1dzJ48knvBOnDPKJ2GV9wl1i5vydJZUSyOfrkKFDZEud/jBsTk92S/VGSAe/g==",
      "requires": {
        "ssr-window": "^3.0.0-alpha.1"
      }
    },
    "fastclick": {
      "version": "1.0.6",
      "resolved": "https://registry.npmjs.org/fastclick/-/fastclick-1.0.6.tgz",
      "integrity": "sha1-FhYlsnsaWAZAWTa9qaLBkm0Gvmo="
    },
    "jquery": {
      "version": "3.5.1",
      "resolved": "https://registry.npmjs.org/jquery/-/jquery-3.5.1.tgz",
      "integrity": "sha512-XwIBPqcMn57FxfT+Go5pzySnm4KWkT1Tv7gjrpT1srtf8Weynl6R273VJ5GjkRb51IzMp5nbaPjJXMWeju2MKg=="
    },
    "jquery.mmenu": {
      "version": "7.3.3",
      "resolved": "https://registry.npmjs.org/jquery.mmenu/-/jquery.mmenu-7.3.3.tgz",
      "integrity": "sha512-TzTd+Ru9ipFeWsbwGdDGKWapTEYRX4ZWILR0QA7hZ4dCL/JeSIDGMcqdpKRCR3CCl0pKwpgJf7NJ+n9JnMDc/A=="
    },
    "js-button": {
      "version": "1.2.1",
      "resolved": "https://registry.npmjs.org/js-button/-/js-button-1.2.1.tgz",
      "integrity": "sha1-PD7LNTe2dBwz/xgqkNukrOzlUtY=",
      "requires": {
        "js-utilities": "*"
      }
    },
    "js-offcanvas": {
      "version": "1.2.9",
      "resolved": "https://registry.npmjs.org/js-offcanvas/-/js-offcanvas-1.2.9.tgz",
      "integrity": "sha512-aOdLHgsQDe8ZbiW5GRrlL/y4C5nqAPe65sHssy1k9GT+MizvJaPsC6OWM/DnpKGn1SuwVF1WIYyuIKzscvk/qg==",
      "requires": {
        "js-button": "*",
        "js-trap-tab": "*",
        "js-utilities": "*"
      }
    },
    "js-trap-tab": {
      "version": "1.0.3",
      "resolved": "https://registry.npmjs.org/js-trap-tab/-/js-trap-tab-1.0.3.tgz",
      "integrity": "sha1-eVnCdVX+vlAfVt2o3ZiPoNhFgyA="
    },
    "js-utilities": {
      "version": "1.0.2",
      "resolved": "https://registry.npmjs.org/js-utilities/-/js-utilities-1.0.2.tgz",
      "integrity": "sha512-Da2U3zQnebIHJU+I5Y96e7N0be+TDIbmcP9Pm9eCXYtQ4cbnLoLqgwCiQ2iFZJA2Yf86pikVcw1z4lC8Qja43Q=="
    },
    "popper.js": {
      "version": "1.16.1",
      "resolved": "https://registry.npmjs.org/popper.js/-/popper.js-1.16.1.tgz",
      "integrity": "sha512-Wb4p1J4zyFTbM+u6WuO4XstYx4Ky9Cewe4DWrel7B0w6VVICvPwdOpotjzcf6eD8TsckVnIMNONQyPIUFOUbCQ=="
    },
    "ssr-window": {
      "version": "3.0.0",
      "resolved": "https://registry.npmjs.org/ssr-window/-/ssr-window-3.0.0.tgz",
      "integrity": "sha512-q+8UfWDg9Itrg0yWK7oe5p/XRCJpJF9OBtXfOPgSJl+u3Xd5KI328RUEvUqSMVM9CiQUEf1QdBzJMkYGErj9QA=="
    },
    "swiper": {
      "version": "6.3.5",
      "resolved": "https://registry.npmjs.org/swiper/-/swiper-6.3.5.tgz",
      "integrity": "sha512-MZkkVJ+sXukp6G3Z3BlKayhBjRIQuO1TZaTlH7ooI/0qbH0kkmItFMjFo19nOOsJaDXglA32xqyc9KCtmbJv0w==",
      "requires": {
        "dom7": "^3.0.0-alpha.7",
        "ssr-window": "^3.0.0-alpha.4"
      }
    },
    "vanilla-lazyload": {
      "version": "17.3.0",
      "resolved": "https://registry.npmjs.org/vanilla-lazyload/-/vanilla-lazyload-17.3.0.tgz",
      "integrity": "sha512-RZ0MLH6hGKjTHyEzpuG03qNQ0oSj4V2UfpkqUw9QQsIa5FOKritYjDbAr1Lqy767HgS9A4locR5DIHlK727WMQ==",
      "requires": {
        "caniuse-lite": "^1.0.30001161"
      }
    }
  }
}
